
Microsoft Visual Studio Solution File, Format Version 12.00
# Visual Studio Version 17
VisualStudioVersion = 17.5.002.0
MinimumVisualStudioVersion = 10.0.40219.1
Project("{9A19103F-16F7-4668-BE54-9A1E7A4F7556}") = "SmarthouseFrontEnd", "SmarthouseFrontEnd\SmarthouseFrontEnd.csproj", "{723D6214-56BF-4468-A260-64112595B439}"
EndProject
Project("{9A19103F-16F7-4668-BE54-9A1E7A4F7556}") = "SmarthouseFrontEnd.Test", "SmarthouseFrontEnd.Test\SmarthouseFrontEnd.Test.csproj", "{E9E97A0E-E57D-434F-A25B-AE1E2E8C1A01}"
EndProject
Global
	GlobalSection(SolutionConfigurationPlatforms) = preSolution
		Debug|Any CPU = Debug|Any CPU
		Release|Any CPU = Release|Any CPU
	EndGlobalSection
	GlobalSection(ProjectConfigurationPlatforms) = postSolution
		{723D6214-56BF-4468-A260-64112595B439}.Debug|Any CPU.ActiveCfg = Debug|Any CPU
		{723D6214-56BF-4468-A260-64112595B439}.Debug|Any CPU.Build.0 = Debug|Any CPU
		{723D6214-56BF-4468-A260-64112595B439}.Release|Any CPU.ActiveCfg = Release|Any CPU
		{723D6214-56BF-4468-A260-64112595B439}.Release|Any CPU.Build.0 = Release|Any CPU
		{E9E97A0E-E57D-434F-A25B-AE1E2E8C1A01}.Debug|Any CPU.ActiveCfg = Debug|Any CPU
		{E9E97A0E-E57D-434F-A25B-AE1E2E8C1A01}.Debug|Any CPU.Build.0 = Debug|Any CPU
		{E9E97A0E-E57D-434F-A25B-AE1E2E8C1A01}.Release|Any CPU.ActiveCfg = Release|Any CPU
		{E9E97A0E-E57D-434F-A25B-AE1E2E8C1A01}.Release|Any CPU.Build.0 = Release|Any CPU
	EndGlobalSection
	GlobalSection(SolutionProperties) = preSolution
		HideSolutionNode = FALSE
	EndGlobalSection
	GlobalSection(ExtensibilityGlobals) = postSolution
		SolutionGuid = {FE192018-3DE2-4BB5-B8EF-08263108E88C}
	EndGlobalSection
EndGlobal
